
Microsoft Visual Studio Solution File, Format Version 12.00
# Visual Studio Version 16
VisualStudioVersion = 16.0.30114.105
MinimumVisualStudioVersion = 10.0.40219.1
Project("{FAE04EC0-301F-11D3-BF4B-00C04F79EFBC}") = "Courses-API", "Courses-API\Courses-API.csproj", "{B776A1E7-CDA1-4E9B-ABDA-51FE4080D76A}"
EndProject
Project("{2150E333-8FDC-42A3-9474-1A3956D46DE8}") = "Clients", "Clients", "{5ADD24D6-C705-4566-A78E-2EC56D29EAB2}"
EndProject
Project("{FAE04EC0-301F-11D3-BF4B-00C04F79EFBC}") = "MVC-App", "Clients\MVC-App\MVC-App.csproj", "{9F784BDD-24CA-4A76-8A0D-767C1EE38E4F}"
EndProject
Project("{2150E333-8FDC-42A3-9474-1A3956D46DE8}") = "Admin", "Admin", "{76FC8070-2666-4331-B38A-C4F1215C3900}"
EndProject
Project("{FAE04EC0-301F-11D3-BF4B-00C04F79EFBC}") = "MVC-Admin", "Admin\MVC-Admin\MVC-Admin.csproj", "{F400C0EE-AACB-49E9-842D-8080F38D1060}"
EndProject
Global
	GlobalSection(SolutionConfigurationPlatforms) = preSolution
		Debug|Any CPU = Debug|Any CPU
		Release|Any CPU = Release|Any CPU
	EndGlobalSection
	GlobalSection(SolutionProperties) = preSolution
		HideSolutionNode = FALSE
	EndGlobalSection
	GlobalSection(ProjectConfigurationPlatforms) = postSolution
		{B776A1E7-CDA1-4E9B-ABDA-51FE4080D76A}.Debug|Any CPU.ActiveCfg = Debug|Any CPU
		{B776A1E7-CDA1-4E9B-ABDA-51FE4080D76A}.Debug|Any CPU.Build.0 = Debug|Any CPU
		{B776A1E7-CDA1-4E9B-ABDA-51FE4080D76A}.Release|Any CPU.ActiveCfg = Release|Any CPU
		{B776A1E7-CDA1-4E9B-ABDA-51FE4080D76A}.Release|Any CPU.Build.0 = Release|Any CPU
		{9F784BDD-24CA-4A76-8A0D-767C1EE38E4F}.Debug|Any CPU.ActiveCfg = Debug|Any CPU
		{9F784BDD-24CA-4A76-8A0D-767C1EE38E4F}.Debug|Any CPU.Build.0 = Debug|Any CPU
		{9F784BDD-24CA-4A76-8A0D-767C1EE38E4F}.Release|Any CPU.ActiveCfg = Release|Any CPU
		{9F784BDD-24CA-4A76-8A0D-767C1EE38E4F}.Release|Any CPU.Build.0 = Release|Any CPU
		{F400C0EE-AACB-49E9-842D-8080F38D1060}.Debug|Any CPU.ActiveCfg = Debug|Any CPU
		{F400C0EE-AACB-49E9-842D-8080F38D1060}.Debug|Any CPU.Build.0 = Debug|Any CPU
		{F400C0EE-AACB-49E9-842D-8080F38D1060}.Release|Any CPU.ActiveCfg = Release|Any CPU
		{F400C0EE-AACB-49E9-842D-8080F38D1060}.Release|Any CPU.Build.0 = Release|Any CPU
	EndGlobalSection
	GlobalSection(NestedProjects) = preSolution
		{9F784BDD-24CA-4A76-8A0D-767C1EE38E4F} = {5ADD24D6-C705-4566-A78E-2EC56D29EAB2}
		{F400C0EE-AACB-49E9-842D-8080F38D1060} = {76FC8070-2666-4331-B38A-C4F1215C3900}
	EndGlobalSection
EndGlobal
